{
  "name": "demo54_firecrawl_web_scraping",
  "version": "1.0.0",
  "lockfileVersion": 3,
  "requires": true,
  "packages": {
    "": {
      "name": "demo54_firecrawl_web_scraping",
      "version": "1.0.0",
      "license": "ISC",
      "dependencies": {
        "demo54_firecrawl_web_scraping": "file:"
      }
    },
    "node_modules/demo54_firecrawl_web_scraping": {
      "resolved": "",
      "link": true
    }
  }
}
